
Microsoft Visual Studio Solution File, Format Version 12.00
# Visual Studio Version 16
VisualStudioVersion = 16.0.29728.190
MinimumVisualStudioVersion = 10.0.40219.1
Project("{FAE04EC0-301F-11D3-BF4B-00C04F79EFBC}") = "MessagingThingService", "MessagingThingService.csproj", "{16B8142C-50B5-4FAD-B9EC-D4D0BD342106}"
EndProject
Global
	GlobalSection(SolutionConfigurationPlatforms) = preSolution
		Debug|Any CPU = Debug|Any CPU
		Release|Any CPU = Release|Any CPU
	EndGlobalSection
	GlobalSection(ProjectConfigurationPlatforms) = postSolution
		{16B8142C-50B5-4FAD-B9EC-D4D0BD342106}.Debug|Any CPU.ActiveCfg = Debug|Any CPU
		{16B8142C-50B5-4FAD-B9EC-D4D0BD342106}.Debug|Any CPU.Build.0 = Debug|Any CPU
		{16B8142C-50B5-4FAD-B9EC-D4D0BD342106}.Release|Any CPU.ActiveCfg = Release|Any CPU
		{16B8142C-50B5-4FAD-B9EC-D4D0BD342106}.Release|Any CPU.Build.0 = Release|Any CPU
	EndGlobalSection
	GlobalSection(SolutionProperties) = preSolution
		HideSolutionNode = FALSE
	EndGlobalSection
	GlobalSection(ExtensibilityGlobals) = postSolution
		SolutionGuid = {F15D38F6-D091-410B-9B97-33534EE436E2}
	EndGlobalSection
EndGlobal
